# THIS IS AN AUTOGENERATED FILE. DO NOT EDIT THIS FILE DIRECTLY.
# yarn lockfile v1


graceful-fs@^4.1.11:
  version "4.2.3"
  resolved "https://registry.yarnpkg.com/graceful-fs/-/graceful-fs-4.2.3.tgz#4a12ff1b60376ef09862c2093edd908328be8423"
  integrity sha512-a30VEBm4PEdx1dRB7MFK7BejejvCvBronbLjht+sHuGYj8PHs7M/5Z+rt5lw551vZ7yfTCj4Vuyy3mSJytDWRQ==

klaw-sync@^6.0.0:
  version "6.0.0"
  resolved "https://registry.yarnpkg.com/klaw-sync/-/klaw-sync-6.0.0.tgz#1fd2cfd56ebb6250181114f0a581167099c2b28c"
  integrity sha512-nIeuVSzdCCs6TDPTqI8w1Yre34sSq7AkZ4B3sfOBbI2CgVSB4Du4aLQijFU2+lhAFCwt9+42Hel6lQNIv6AntQ==
  dependencies:
    graceful-fs "^4.1.11"

mime-db@1.43.0:
  version "1.43.0"
  resolved "https://registry.yarnpkg.com/mime-db/-/mime-db-1.43.0.tgz#0a12e0502650e473d735535050e7c8f4eb4fae58"
  integrity sha512-+5dsGEEovYbT8UY9yD7eE4XTc4UwJ1jBYlgaQQF38ENsKR3wj/8q8RFZrF9WIZpB2V1ArTVFUva8sAul1NzRzQ==

mime-types@^2.1.22:
  version "2.1.26"
  resolved "https://registry.yarnpkg.com/mime-types/-/mime-types-2.1.26.tgz#9c921fc09b7e149a65dfdc0da4d20997200b0a06"
  integrity sha512-01paPWYgLrkqAyrlDorC1uDwl2p3qZT7yl806vW7DvDoxwXi46jsjFbg+WdwotBIk6/MbEhO/dh5aZ5sNj/dWQ==
  dependencies:
    mime-db "1.43.0"
